
Microsoft Visual Studio Solution File, Format Version 12.00
# Visual Studio Version 17
VisualStudioVersion = 17.6.33829.357
MinimumVisualStudioVersion = 10.0.40219.1
Project("{FAE04EC0-301F-11D3-BF4B-00C04F79EFBC}") = "FactPattern", "FactPattern.csproj", "{6F1F60B8-D263-4F99-B8F4-ED3CE9898C45}"
EndProject
Global
	GlobalSection(SolutionConfigurationPlatforms) = preSolution
		Debug|Any CPU = Debug|Any CPU
		Release|Any CPU = Release|Any CPU
	EndGlobalSection
	GlobalSection(ProjectConfigurationPlatforms) = postSolution
		{6F1F60B8-D263-4F99-B8F4-ED3CE9898C45}.Debug|Any CPU.ActiveCfg = Debug|Any CPU
		{6F1F60B8-D263-4F99-B8F4-ED3CE9898C45}.Debug|Any CPU.Build.0 = Debug|Any CPU
		{6F1F60B8-D263-4F99-B8F4-ED3CE9898C45}.Release|Any CPU.ActiveCfg = Release|Any CPU
		{6F1F60B8-D263-4F99-B8F4-ED3CE9898C45}.Release|Any CPU.Build.0 = Release|Any CPU
	EndGlobalSection
	GlobalSection(SolutionProperties) = preSolution
		HideSolutionNode = FALSE
	EndGlobalSection
	GlobalSection(ExtensibilityGlobals) = postSolution
		SolutionGuid = {065D9FA7-9F8F-42EF-AD60-07A14B874D3B}
	EndGlobalSection
EndGlobal
